# THIS IS AN AUTOGENERATED FILE. DO NOT EDIT THIS FILE DIRECTLY.
# yarn lockfile v1


axios@0.19.2:
  version "0.19.2"
  resolved "https://registry.yarnpkg.com/axios/-/axios-0.19.2.tgz#3ea36c5d8818d0d5f8a8a97a6d36b86cdc00cb27"
  integrity sha512-fjgm5MvRHLhx+osE2xoekY70AhARk3a6hkN+3Io1jc00jtquGvxYlKlsFUhmUET0V5te6CcZI7lcv2Ym61mjHA==
  dependencies:
    follow-redirects "1.5.10"

bluebird@3.7.2:
  version "3.7.2"
  resolved "https://registry.yarnpkg.com/bluebird/-/bluebird-3.7.2.tgz#9f229c15be272454ffa973ace0dbee79a1b0c36f"
  integrity sha512-XpNj6GDQzdfW+r2Wnn7xiSAd7TM3jzkxGXBGTtWKuSXv1xUV+azxAm8jdWZN06QTQk+2N2XB9jRDkvbmQmcRtg==

camel-case@^4.1.1:
  version "4.1.1"
  resolved "https://registry.yarnpkg.com/camel-case/-/camel-case-4.1.1.tgz#1fc41c854f00e2f7d0139dfeba1542d6896fe547"
  integrity sha512-7fa2WcG4fYFkclIvEmxBbTvmibwF2/agfEBc6q3lOpVu0A13ltLsA+Hr/8Hp6kp5f+G7hKi6t8lys6XxP+1K6Q==
  dependencies:
    pascal-case "^3.1.1"
    tslib "^1.10.0"

capital-case@^1.0.3:
  version "1.0.3"
  resolved "https://registry.yarnpkg.com/capital-case/-/capital-case-1.0.3.tgz#339bd77e8fab6cf75111d4fca509b3edf7c117c8"
  integrity sha512-OlUSJpUr7SY0uZFOxcwnDOU7/MpHlKTZx2mqnDYQFrDudXLFm0JJ9wr/l4csB+rh2Ug0OPuoSO53PqiZBqno9A==
  dependencies:
    no-case "^3.0.3"
    tslib "^1.10.0"
    upper-case-first "^2.0.1"

change-case@4.1.1:
  version "4.1.1"
  resolved "https://registry.yarnpkg.com/change-case/-/change-case-4.1.1.tgz#d5005709275952e7963fed7b91e4f9fdb6180afa"
  integrity sha512-qRlUWn/hXnX1R1LBDF/RelJLiqNjKjUqlmuBVSEIyye8kq49CXqkZWKmi8XeUAdDXWFOcGLUMZ+aHn3Q5lzUXw==
  dependencies:
    camel-case "^4.1.1"
    capital-case "^1.0.3"
    constant-case "^3.0.3"
    dot-case "^3.0.3"
    header-case "^2.0.3"
    no-case "^3.0.3"
    param-case "^3.0.3"
    pascal-case "^3.1.1"
    path-case "^3.0.3"
    sentence-case "^3.0.3"
    snake-case "^3.0.3"
    tslib "^1.10.0"

constant-case@^3.0.3:
  version "3.0.3"
  resolved "https://registry.yarnpkg.com/constant-case/-/constant-case-3.0.3.tgz#ac910a99caf3926ac5112f352e3af599d8c5fc0a"
  integrity sha512-FXtsSnnrFYpzDmvwDGQW+l8XK3GV1coLyBN0eBz16ZUzGaZcT2ANVCJmLeuw2GQgxKHQIe9e0w2dzkSfaRlUmA==
  dependencies:
    no-case "^3.0.3"
    tslib "^1.10.0"
    upper-case "^2.0.1"

debug@=3.1.0:
  version "3.1.0"
  resolved "https://registry.yarnpkg.com/debug/-/debug-3.1.0.tgz#5bb5a0672628b64149566ba16819e61518c67261"
  integrity sha512-OX8XqP7/1a9cqkxYw2yXss15f26NKWBpDXQd0/uK/KPqdQhxbPa994hnzjcE2VqQpDslf55723cKPUOGSmMY3g==
  dependencies:
    ms "2.0.0"

dot-case@^3.0.3:
  version "3.0.3"
  resolved "https://registry.yarnpkg.com/dot-case/-/dot-case-3.0.3.tgz#21d3b52efaaba2ea5fda875bb1aa8124521cf4aa"
  integrity sha512-7hwEmg6RiSQfm/GwPL4AAWXKy3YNNZA3oFv2Pdiey0mwkRCPZ9x6SZbkLcn8Ma5PYeVokzoD4Twv2n7LKp5WeA==
  dependencies:
    no-case "^3.0.3"
    tslib "^1.10.0"

dotenv@8.2.0:
  version "8.2.0"
  resolved "https://registry.yarnpkg.com/dotenv/-/dotenv-8.2.0.tgz#97e619259ada750eea3e4ea3e26bceea5424b16a"
  integrity sha512-8sJ78ElpbDJBHNeBzUbUVLsqKdccaa/BXF1uPTw3GrvQTBgrQrtObr2mUrE38vzYd8cEv+m/JBfDLioYcfXoaw==

follow-redirects@1.5.10:
  version "1.5.10"
  resolved "https://registry.yarnpkg.com/follow-redirects/-/follow-redirects-1.5.10.tgz#7b7a9f9aea2fdff36786a94ff643ed07f4ff5e2a"
  integrity sha512-0V5l4Cizzvqt5D44aTXbFZz+FtyXV1vrDN6qrelxtfYQKW0KO0W2T/hkE8xvGa/540LkZlkaUjO4ailYTFtHVQ==
  dependencies:
    debug "=3.1.0"

header-case@^2.0.3:
  version "2.0.3"
  resolved "https://registry.yarnpkg.com/header-case/-/header-case-2.0.3.tgz#8a7407d16edfd5c970f8ebb116e6383f855b5a72"
  integrity sha512-LChe/V32mnUQnTwTxd3aAlNMk8ia9tjCDb/LjYtoMrdAPApxLB+azejUk5ERZIZdIqvinwv6BAUuFXH/tQPdZA==
  dependencies:
    capital-case "^1.0.3"
    tslib "^1.10.0"

lower-case@^2.0.1:
  version "2.0.1"
  resolved "https://registry.yarnpkg.com/lower-case/-/lower-case-2.0.1.tgz#39eeb36e396115cc05e29422eaea9e692c9408c7"
  integrity sha512-LiWgfDLLb1dwbFQZsSglpRj+1ctGnayXz3Uv0/WO8n558JycT5fg6zkNcnW0G68Nn0aEldTFeEfmjCfmqry/rQ==
  dependencies:
    tslib "^1.10.0"

ms@2.0.0:
  version "2.0.0"
  resolved "https://registry.yarnpkg.com/ms/-/ms-2.0.0.tgz#5608aeadfc00be6c2901df5f9861788de0d597c8"
  integrity sha1-VgiurfwAvmwpAd9fmGF4jeDVl8g=

no-case@^3.0.3:
  version "3.0.3"
  resolved "https://registry.yarnpkg.com/no-case/-/no-case-3.0.3.tgz#c21b434c1ffe48b39087e86cfb4d2582e9df18f8"
  integrity sha512-ehY/mVQCf9BL0gKfsJBvFJen+1V//U+0HQMPrWct40ixE4jnv0bfvxDbWtAHL9EcaPEOJHVVYKoQn1TlZUB8Tw==
  dependencies:
    lower-case "^2.0.1"
    tslib "^1.10.0"

param-case@^3.0.3:
  version "3.0.3"
  resolved "https://registry.yarnpkg.com/param-case/-/param-case-3.0.3.tgz#4be41f8399eff621c56eebb829a5e451d9801238"
  integrity sha512-VWBVyimc1+QrzappRs7waeN2YmoZFCGXWASRYX1/rGHtXqEcrGEIDm+jqIwFa2fRXNgQEwrxaYuIrX0WcAguTA==
  dependencies:
    dot-case "^3.0.3"
    tslib "^1.10.0"

pascal-case@^3.1.1:
  version "3.1.1"
  resolved "https://registry.yarnpkg.com/pascal-case/-/pascal-case-3.1.1.tgz#5ac1975133ed619281e88920973d2cd1f279de5f"
  integrity sha512-XIeHKqIrsquVTQL2crjq3NfJUxmdLasn3TYOU0VBM+UX2a6ztAWBlJQBePLGY7VHW8+2dRadeIPK5+KImwTxQA==
  dependencies:
    no-case "^3.0.3"
    tslib "^1.10.0"

path-case@^3.0.3:
  version "3.0.3"
  resolved "https://registry.yarnpkg.com/path-case/-/path-case-3.0.3.tgz#d48119aed52c4712e036ca40c6b15984f909554f"
  integrity sha512-UMFU6UETFpCNWbIWNczshPrnK/7JAXBP2NYw80ojElbQ2+JYxdqWDBkvvqM93u4u6oLmuJ/tPOf2tM8KtXv4eg==
  dependencies:
    dot-case "^3.0.3"
    tslib "^1.10.0"

sentence-case@^3.0.3:
  version "3.0.3"
  resolved "https://registry.yarnpkg.com/sentence-case/-/sentence-case-3.0.3.tgz#47576e4adff7abf42c63c815b0543c9d2f85a930"
  integrity sha512-ZPr4dgTcNkEfcGOMFQyDdJrTU9uQO1nb1cjf+nuzb6FxgMDgKddZOM29qEsB7jvsZSMruLRcL2KfM4ypKpa0LA==
  dependencies:
    no-case "^3.0.3"
    tslib "^1.10.0"
    upper-case-first "^2.0.1"

snake-case@^3.0.3:
  version "3.0.3"
  resolved "https://registry.yarnpkg.com/snake-case/-/snake-case-3.0.3.tgz#c598b822ab443fcbb145ae8a82c5e43526d5bbee"
  integrity sha512-WM1sIXEO+rsAHBKjGf/6R1HBBcgbncKS08d2Aqec/mrDSpU80SiOU41hO7ny6DToHSyrlwTYzQBIK1FPSx4Y3Q==
  dependencies:
    dot-case "^3.0.3"
    tslib "^1.10.0"

tslib@^1.10.0:
  version "1.11.1"
  resolved "https://registry.yarnpkg.com/tslib/-/tslib-1.11.1.tgz#eb15d128827fbee2841549e171f45ed338ac7e35"
  integrity sha512-aZW88SY8kQbU7gpV19lN24LtXh/yD4ZZg6qieAJDDg+YBsJcSmLGK9QpnUjAKVG/xefmvJGd1WUmfpT/g6AJGA==

upper-case-first@^2.0.1:
  version "2.0.1"
  resolved "https://registry.yarnpkg.com/upper-case-first/-/upper-case-first-2.0.1.tgz#32ab436747d891cc20ab1e43d601cb4d0a7fbf4a"
  integrity sha512-105J8XqQ+9RxW3l9gHZtgve5oaiR9TIwvmZAMAIZWRHe00T21cdvewKORTlOJf/zXW6VukuTshM+HXZNWz7N5w==
  dependencies:
    tslib "^1.10.0"

upper-case@^2.0.1:
  version "2.0.1"
  resolved "https://registry.yarnpkg.com/upper-case/-/upper-case-2.0.1.tgz#6214d05e235dc817822464ccbae85822b3d8665f"
  integrity sha512-laAsbea9SY5osxrv7S99vH9xAaJKrw5Qpdh4ENRLcaxipjKsiaBwiAsxfa8X5mObKNTQPsupSq0J/VIxsSJe3A==
  dependencies:
    tslib "^1.10.0"
